
Microsoft Visual Studio Solution File, Format Version 12.00
# Visual Studio 15
VisualStudioVersion = 15.0.27428.1
MinimumVisualStudioVersion = 10.0.40219.1
Project("{9A19103F-16F7-4668-BE54-9A1E7A4F7556}") = "WaitForIt", "WaitForIt\WaitForIt.csproj", "{FDADF977-5F0B-4330-B36F-9473308301BE}"
EndProject
Project("{2150E333-8FDC-42A3-9474-1A3956D46DE8}") = "Solution Items", "Solution Items", "{5C75026D-D283-4EB2-BAE6-61BF0D98FBAF}"
EndProject
Global
	GlobalSection(SolutionConfigurationPlatforms) = preSolution
		Debug|Any CPU = Debug|Any CPU
		Release|Any CPU = Release|Any CPU
	EndGlobalSection
	GlobalSection(ProjectConfigurationPlatforms) = postSolution
		{FDADF977-5F0B-4330-B36F-9473308301BE}.Debug|Any CPU.ActiveCfg = Debug|Any CPU
		{FDADF977-5F0B-4330-B36F-9473308301BE}.Debug|Any CPU.Build.0 = Debug|Any CPU
		{FDADF977-5F0B-4330-B36F-9473308301BE}.Release|Any CPU.ActiveCfg = Release|Any CPU
		{FDADF977-5F0B-4330-B36F-9473308301BE}.Release|Any CPU.Build.0 = Release|Any CPU
	EndGlobalSection
	GlobalSection(SolutionProperties) = preSolution
		HideSolutionNode = FALSE
	EndGlobalSection
	GlobalSection(ExtensibilityGlobals) = postSolution
		SolutionGuid = {58DF8635-7C1E-4F1E-89DC-C36BC4FFE99B}
	EndGlobalSection
EndGlobal
